
Microsoft Visual Studio Solution File, Format Version 12.00
# Visual Studio Version 16
VisualStudioVersion = 16.0.31729.503
MinimumVisualStudioVersion = 10.0.40219.1
Project("{2150E333-8FDC-42A3-9474-1A3956D46DE8}") = "Source", "Source", "{A7C320CD-CC66-4862-B28E-8097E2016D4F}"
EndProject
Project("{2150E333-8FDC-42A3-9474-1A3956D46DE8}") = "App", "App", "{D7B7ACD0-D4C0-4A22-95C7-CDAFC18CABEB}"
EndProject
Project("{9A19103F-16F7-4668-BE54-9A1E7A4F7556}") = "TPHunter.Source.Main", "Source\TPHunter.Source.Main\TPHunter.Source.Main.csproj", "{3FF9D3D5-2C49-41A8-BC64-6730509A7D7A}"
EndProject
Project("{9A19103F-16F7-4668-BE54-9A1E7A4F7556}") = "TPHunter.Source.Browser", "Source\TPHunter.Source.Browser\TPHunter.Source.Browser.csproj", "{03459350-4363-4EE0-9A53-0F0BA3133AA0}"
EndProject
Project("{9A19103F-16F7-4668-BE54-9A1E7A4F7556}") = "TPHunter.Source.Core", "Source\TPHunter.Source.Core\TPHunter.Source.Core.csproj", "{496F3572-A5BE-4BAD-9AA6-5B784263026A}"
EndProject
Project("{9A19103F-16F7-4668-BE54-9A1E7A4F7556}") = "TPHunter.Source.Scrapper", "Source\TPHunter.Source.Scrapper\TPHunter.Source.Scrapper.csproj", "{744CD2B9-1978-4715-B692-A1EA48ABB6E0}"
EndProject
Project("{9A19103F-16F7-4668-BE54-9A1E7A4F7556}") = "TPHunter.Source.FileStorage", "Source\TPHunter.Source.FileStorage\TPHunter.Source.FileStorage.csproj", "{49EDDAB3-0BF8-4E30-8ECB-3A3F8202AAB6}"
EndProject
Project("{2150E333-8FDC-42A3-9474-1A3956D46DE8}") = "WebServices", "WebServices", "{F5E6DC35-0227-45D1-9D3C-ED2AFACF448E}"
EndProject
Project("{2150E333-8FDC-42A3-9474-1A3956D46DE8}") = "Identity", "Identity", "{EAABB774-165C-4521-8A33-E7A794C5512D}"
EndProject
Project("{9A19103F-16F7-4668-BE54-9A1E7A4F7556}") = "TPHunter.WebServices.Identity.API", "WebServices\Identity\TPHunter.WebServices.Identity.API.csproj", "{FAA2A5F2-968E-446A-BBD8-5A2DA489E95E}"
EndProject
Project("{2150E333-8FDC-42A3-9474-1A3956D46DE8}") = "Shared", "Shared", "{EF4E5B07-B14C-454F-916D-370074EECEC2}"
EndProject
Project("{9A19103F-16F7-4668-BE54-9A1E7A4F7556}") = "TPHunter.WebServices.Shared.ApiResponse", "WebServices\Shared\TPHunter.WebServices.Shared.ApiResponse.csproj", "{C38A7B94-E0C5-4E42-98F8-9FFE74C36D8B}"
EndProject
Project("{2150E333-8FDC-42A3-9474-1A3956D46DE8}") = "Scrap", "Scrap", "{55F8BC61-9160-4DC5-8209-CC8C98C7E62B}"
EndProject
Project("{9A19103F-16F7-4668-BE54-9A1E7A4F7556}") = "TPHunter.WebServices.Scrap.API", "WebServices\Scrap\TPHunter.WebServices.Scrap.API\TPHunter.WebServices.Scrap.API.csproj", "{DE927A1B-D81C-44F5-B441-F02A4DB99769}"
EndProject
Project("{FAE04EC0-301F-11D3-BF4B-00C04F79EFBC}") = "TPHunter.Source.ImageProcess", "Source\TPHunter.Source.ImageProcess\TPHunter.Source.ImageProcess.csproj", "{FDB505E4-E545-4C4F-B14A-F186F6E1A1E7}"
EndProject
Global
	GlobalSection(SolutionConfigurationPlatforms) = preSolution
		Debug|Any CPU = Debug|Any CPU
		Release|Any CPU = Release|Any CPU
	EndGlobalSection
	GlobalSection(ProjectConfigurationPlatforms) = postSolution
		{3FF9D3D5-2C49-41A8-BC64-6730509A7D7A}.Debug|Any CPU.ActiveCfg = Debug|Any CPU
		{3FF9D3D5-2C49-41A8-BC64-6730509A7D7A}.Debug|Any CPU.Build.0 = Debug|Any CPU
		{3FF9D3D5-2C49-41A8-BC64-6730509A7D7A}.Release|Any CPU.ActiveCfg = Release|Any CPU
		{3FF9D3D5-2C49-41A8-BC64-6730509A7D7A}.Release|Any CPU.Build.0 = Release|Any CPU
		{03459350-4363-4EE0-9A53-0F0BA3133AA0}.Debug|Any CPU.ActiveCfg = Debug|Any CPU
		{03459350-4363-4EE0-9A53-0F0BA3133AA0}.Debug|Any CPU.Build.0 = Debug|Any CPU
		{03459350-4363-4EE0-9A53-0F0BA3133AA0}.Release|Any CPU.ActiveCfg = Release|Any CPU
		{03459350-4363-4EE0-9A53-0F0BA3133AA0}.Release|Any CPU.Build.0 = Release|Any CPU
		{496F3572-A5BE-4BAD-9AA6-5B784263026A}.Debug|Any CPU.ActiveCfg = Debug|Any CPU
		{496F3572-A5BE-4BAD-9AA6-5B784263026A}.Debug|Any CPU.Build.0 = Debug|Any CPU
		{496F3572-A5BE-4BAD-9AA6-5B784263026A}.Release|Any CPU.ActiveCfg = Release|Any CPU
		{496F3572-A5BE-4BAD-9AA6-5B784263026A}.Release|Any CPU.Build.0 = Release|Any CPU
		{744CD2B9-1978-4715-B692-A1EA48ABB6E0}.Debug|Any CPU.ActiveCfg = Debug|Any CPU
		{744CD2B9-1978-4715-B692-A1EA48ABB6E0}.Debug|Any CPU.Build.0 = Debug|Any CPU
		{744CD2B9-1978-4715-B692-A1EA48ABB6E0}.Release|Any CPU.ActiveCfg = Release|Any CPU
		{744CD2B9-1978-4715-B692-A1EA48ABB6E0}.Release|Any CPU.Build.0 = Release|Any CPU
		{49EDDAB3-0BF8-4E30-8ECB-3A3F8202AAB6}.Debug|Any CPU.ActiveCfg = Debug|Any CPU
		{49EDDAB3-0BF8-4E30-8ECB-3A3F8202AAB6}.Debug|Any CPU.Build.0 = Debug|Any CPU
		{49EDDAB3-0BF8-4E30-8ECB-3A3F8202AAB6}.Release|Any CPU.ActiveCfg = Release|Any CPU
		{49EDDAB3-0BF8-4E30-8ECB-3A3F8202AAB6}.Release|Any CPU.Build.0 = Release|Any CPU
		{FAA2A5F2-968E-446A-BBD8-5A2DA489E95E}.Debug|Any CPU.ActiveCfg = Debug|Any CPU
		{FAA2A5F2-968E-446A-BBD8-5A2DA489E95E}.Debug|Any CPU.Build.0 = Debug|Any CPU
		{FAA2A5F2-968E-446A-BBD8-5A2DA489E95E}.Release|Any CPU.ActiveCfg = Release|Any CPU
		{FAA2A5F2-968E-446A-BBD8-5A2DA489E95E}.Release|Any CPU.Build.0 = Release|Any CPU
		{C38A7B94-E0C5-4E42-98F8-9FFE74C36D8B}.Debug|Any CPU.ActiveCfg = Debug|Any CPU
		{C38A7B94-E0C5-4E42-98F8-9FFE74C36D8B}.Debug|Any CPU.Build.0 = Debug|Any CPU
		{C38A7B94-E0C5-4E42-98F8-9FFE74C36D8B}.Release|Any CPU.ActiveCfg = Release|Any CPU
		{C38A7B94-E0C5-4E42-98F8-9FFE74C36D8B}.Release|Any CPU.Build.0 = Release|Any CPU
		{DE927A1B-D81C-44F5-B441-F02A4DB99769}.Debug|Any CPU.ActiveCfg = Debug|Any CPU
		{DE927A1B-D81C-44F5-B441-F02A4DB99769}.Debug|Any CPU.Build.0 = Debug|Any CPU
		{DE927A1B-D81C-44F5-B441-F02A4DB99769}.Release|Any CPU.ActiveCfg = Release|Any CPU
		{DE927A1B-D81C-44F5-B441-F02A4DB99769}.Release|Any CPU.Build.0 = Release|Any CPU
		{FDB505E4-E545-4C4F-B14A-F186F6E1A1E7}.Debug|Any CPU.ActiveCfg = Debug|Any CPU
		{FDB505E4-E545-4C4F-B14A-F186F6E1A1E7}.Debug|Any CPU.Build.0 = Debug|Any CPU
		{FDB505E4-E545-4C4F-B14A-F186F6E1A1E7}.Release|Any CPU.ActiveCfg = Release|Any CPU
		{FDB505E4-E545-4C4F-B14A-F186F6E1A1E7}.Release|Any CPU.Build.0 = Release|Any CPU
	EndGlobalSection
	GlobalSection(SolutionProperties) = preSolution
		HideSolutionNode = FALSE
	EndGlobalSection
	GlobalSection(NestedProjects) = preSolution
		{3FF9D3D5-2C49-41A8-BC64-6730509A7D7A} = {A7C320CD-CC66-4862-B28E-8097E2016D4F}
		{03459350-4363-4EE0-9A53-0F0BA3133AA0} = {A7C320CD-CC66-4862-B28E-8097E2016D4F}
		{496F3572-A5BE-4BAD-9AA6-5B784263026A} = {A7C320CD-CC66-4862-B28E-8097E2016D4F}
		{744CD2B9-1978-4715-B692-A1EA48ABB6E0} = {A7C320CD-CC66-4862-B28E-8097E2016D4F}
		{49EDDAB3-0BF8-4E30-8ECB-3A3F8202AAB6} = {A7C320CD-CC66-4862-B28E-8097E2016D4F}
		{EAABB774-165C-4521-8A33-E7A794C5512D} = {F5E6DC35-0227-45D1-9D3C-ED2AFACF448E}
		{FAA2A5F2-968E-446A-BBD8-5A2DA489E95E} = {EAABB774-165C-4521-8A33-E7A794C5512D}
		{EF4E5B07-B14C-454F-916D-370074EECEC2} = {F5E6DC35-0227-45D1-9D3C-ED2AFACF448E}
		{C38A7B94-E0C5-4E42-98F8-9FFE74C36D8B} = {EF4E5B07-B14C-454F-916D-370074EECEC2}
		{55F8BC61-9160-4DC5-8209-CC8C98C7E62B} = {F5E6DC35-0227-45D1-9D3C-ED2AFACF448E}
		{DE927A1B-D81C-44F5-B441-F02A4DB99769} = {55F8BC61-9160-4DC5-8209-CC8C98C7E62B}
		{FDB505E4-E545-4C4F-B14A-F186F6E1A1E7} = {A7C320CD-CC66-4862-B28E-8097E2016D4F}
	EndGlobalSection
	GlobalSection(ExtensibilityGlobals) = postSolution
		SolutionGuid = {920A07D5-8595-4D62-AB08-67D929EF8037}
	EndGlobalSection
EndGlobal
